Microsoft Visual Studio Solution File, Format Version 11.00
# Visual Studio 2008

Project("{1B2C2D27-12E5-2A9F-A3BE-8C4546737AC3}") = "NPJ_Unity_Project1", "Assembly-CSharp-firstpass.csproj", "{D6B1328B-2C45-262B-1F21-800AEF2009FF}"
EndProject
Project("{1B2C2D27-12E5-2A9F-A3BE-8C4546737AC3}") = "NPJ_Unity_Project1", "Assembly-CSharp.csproj", "{B578D53B-725F-077C-1ECC-A8B96EC64105}"
EndProject
Project("{1B2C2D27-12E5-2A9F-A3BE-8C4546737AC3}") = "NPJ_Unity_Project1", "Assembly-CSharp-Editor.csproj", "{B4C9795F-3FBB-9F8B-7526-9E8B2338192E}"
EndProject
Global
	GlobalSection(SolutionConfigurationPlatforms) = preSolution
		Debug|Any CPU = Debug|Any CPU
		Release|Any CPU = Release|Any CPU
	EndGlobalSection
	GlobalSection(ProjectConfigurationPlatforms) = postSolution
		{D6B1328B-2C45-262B-1F21-800AEF2009FF}.Debug|Any CPU.ActiveCfg = Debug|Any CPU
		{D6B1328B-2C45-262B-1F21-800AEF2009FF}.Debug|Any CPU.Build.0 = Debug|Any CPU
		{D6B1328B-2C45-262B-1F21-800AEF2009FF}.Release|Any CPU.ActiveCfg = Release|Any CPU
		{D6B1328B-2C45-262B-1F21-800AEF2009FF}.Release|Any CPU.Build.0 = Release|Any CPU
		{B578D53B-725F-077C-1ECC-A8B96EC64105}.Debug|Any CPU.ActiveCfg = Debug|Any CPU
		{B578D53B-725F-077C-1ECC-A8B96EC64105}.Debug|Any CPU.Build.0 = Debug|Any CPU
		{B578D53B-725F-077C-1ECC-A8B96EC64105}.Release|Any CPU.ActiveCfg = Release|Any CPU
		{B578D53B-725F-077C-1ECC-A8B96EC64105}.Release|Any CPU.Build.0 = Release|Any CPU
		{B4C9795F-3FBB-9F8B-7526-9E8B2338192E}.Debug|Any CPU.ActiveCfg = Debug|Any CPU
		{B4C9795F-3FBB-9F8B-7526-9E8B2338192E}.Debug|Any CPU.Build.0 = Debug|Any CPU
		{B4C9795F-3FBB-9F8B-7526-9E8B2338192E}.Release|Any CPU.ActiveCfg = Release|Any CPU
		{B4C9795F-3FBB-9F8B-7526-9E8B2338192E}.Release|Any CPU.Build.0 = Release|Any CPU
	EndGlobalSection
	GlobalSection(SolutionProperties) = preSolution
		HideSolutionNode = FALSE
	EndGlobalSection
	GlobalSection(MonoDevelopProperties) = preSolution
		StartupItem = Assembly-CSharp.csproj
	EndGlobalSection
EndGlobal
