
Microsoft Visual Studio Solution File, Format Version 12.00
# Visual Studio 2015
Project("{FAE04EC0-301F-11D3-BF4B-00C04F79EFBC}") = "NPJ_Unity_Project1.Plugins", "NPJ_Unity_Project1.Plugins.csproj", "{994E00DA-0A6A-7A36-5208-45ECD7E4E93F}"
EndProject
Project("{FAE04EC0-301F-11D3-BF4B-00C04F79EFBC}") = "NPJ_Unity_Project1", "NPJ_Unity_Project1.csproj", "{E210FD5B-FF69-F463-0F2D-6541F6312248}"
EndProject
Project("{FAE04EC0-301F-11D3-BF4B-00C04F79EFBC}") = "NPJ_Unity_Project1.Editor", "NPJ_Unity_Project1.Editor.csproj", "{5DA14139-F1EB-6A72-05CC-F417F87B5C30}"
EndProject
Global
	GlobalSection(SolutionConfigurationPlatforms) = preSolution
		Debug|Any CPU = Debug|Any CPU
		Release|Any CPU = Release|Any CPU
	EndGlobalSection
	GlobalSection(ProjectConfigurationPlatforms) = postSolution
		{994E00DA-0A6A-7A36-5208-45ECD7E4E93F}.Debug|Any CPU.ActiveCfg = Debug|Any CPU
		{994E00DA-0A6A-7A36-5208-45ECD7E4E93F}.Debug|Any CPU.Build.0 = Debug|Any CPU
		{994E00DA-0A6A-7A36-5208-45ECD7E4E93F}.Release|Any CPU.ActiveCfg = Release|Any CPU
		{994E00DA-0A6A-7A36-5208-45ECD7E4E93F}.Release|Any CPU.Build.0 = Release|Any CPU
		{E210FD5B-FF69-F463-0F2D-6541F6312248}.Debug|Any CPU.ActiveCfg = Debug|Any CPU
		{E210FD5B-FF69-F463-0F2D-6541F6312248}.Debug|Any CPU.Build.0 = Debug|Any CPU
		{E210FD5B-FF69-F463-0F2D-6541F6312248}.Release|Any CPU.ActiveCfg = Release|Any CPU
		{E210FD5B-FF69-F463-0F2D-6541F6312248}.Release|Any CPU.Build.0 = Release|Any CPU
		{5DA14139-F1EB-6A72-05CC-F417F87B5C30}.Debug|Any CPU.ActiveCfg = Debug|Any CPU
		{5DA14139-F1EB-6A72-05CC-F417F87B5C30}.Debug|Any CPU.Build.0 = Debug|Any CPU
		{5DA14139-F1EB-6A72-05CC-F417F87B5C30}.Release|Any CPU.ActiveCfg = Release|Any CPU
		{5DA14139-F1EB-6A72-05CC-F417F87B5C30}.Release|Any CPU.Build.0 = Release|Any CPU
	EndGlobalSection
	GlobalSection(SolutionProperties) = preSolution
		HideSolutionNode = FALSE
	EndGlobalSection
EndGlobal
