Microsoft Visual Studio Solution File, Format Version 11.00
# Visual Studio 2008

Project("{DF042D5B-F41E-CC61-5E11-536AB9665222}") = "HackathonGame", "Assembly-CSharp-firstpass.csproj", "{92E3403F-3CAB-167D-4C05-D0D9C63EC5FE}"
EndProject
Project("{DF042D5B-F41E-CC61-5E11-536AB9665222}") = "HackathonGame", "Assembly-CSharp.csproj", "{F67643D6-C8A8-A039-8B7B-0C197F5D6EA2}"
EndProject
Project("{DF042D5B-F41E-CC61-5E11-536AB9665222}") = "HackathonGame", "Assembly-CSharp-Editor-firstpass.csproj", "{5781E03F-D478-DAF3-63AD-D5C7A5DADB1B}"
EndProject
Global
	GlobalSection(SolutionConfigurationPlatforms) = preSolution
		Debug|Any CPU = Debug|Any CPU
		Release|Any CPU = Release|Any CPU
	EndGlobalSection
	GlobalSection(ProjectConfigurationPlatforms) = postSolution
		{92E3403F-3CAB-167D-4C05-D0D9C63EC5FE}.Debug|Any CPU.ActiveCfg = Debug|Any CPU
		{92E3403F-3CAB-167D-4C05-D0D9C63EC5FE}.Debug|Any CPU.Build.0 = Debug|Any CPU
		{92E3403F-3CAB-167D-4C05-D0D9C63EC5FE}.Release|Any CPU.ActiveCfg = Release|Any CPU
		{92E3403F-3CAB-167D-4C05-D0D9C63EC5FE}.Release|Any CPU.Build.0 = Release|Any CPU
		{F67643D6-C8A8-A039-8B7B-0C197F5D6EA2}.Debug|Any CPU.ActiveCfg = Debug|Any CPU
		{F67643D6-C8A8-A039-8B7B-0C197F5D6EA2}.Debug|Any CPU.Build.0 = Debug|Any CPU
		{F67643D6-C8A8-A039-8B7B-0C197F5D6EA2}.Release|Any CPU.ActiveCfg = Release|Any CPU
		{F67643D6-C8A8-A039-8B7B-0C197F5D6EA2}.Release|Any CPU.Build.0 = Release|Any CPU
		{5781E03F-D478-DAF3-63AD-D5C7A5DADB1B}.Debug|Any CPU.ActiveCfg = Debug|Any CPU
		{5781E03F-D478-DAF3-63AD-D5C7A5DADB1B}.Debug|Any CPU.Build.0 = Debug|Any CPU
		{5781E03F-D478-DAF3-63AD-D5C7A5DADB1B}.Release|Any CPU.ActiveCfg = Release|Any CPU
		{5781E03F-D478-DAF3-63AD-D5C7A5DADB1B}.Release|Any CPU.Build.0 = Release|Any CPU
	EndGlobalSection
	GlobalSection(SolutionProperties) = preSolution
		HideSolutionNode = FALSE
	EndGlobalSection
	GlobalSection(MonoDevelopProperties) = preSolution
		StartupItem = Assembly-CSharp.csproj
	EndGlobalSection
EndGlobal
